
Microsoft Visual Studio Solution File, Format Version 12.00
# Visual Studio Version 17
VisualStudioVersion = 17.1.32210.238
MinimumVisualStudioVersion = 10.0.40219.1
Project("{9A19103F-16F7-4668-BE54-9A1E7A4F7556}") = "ChatClient", "ChatClient\ChatClient.csproj", "{5EFAE5B1-25FF-4D33-B8D1-C3B4EB107FD4}"
EndProject
Project("{9A19103F-16F7-4668-BE54-9A1E7A4F7556}") = "ChatServer", "ChatServer\ChatServer.csproj", "{06FF8795-DE4A-4177-AE1B-1776B7E9EE75}"
EndProject
Project("{9A19103F-16F7-4668-BE54-9A1E7A4F7556}") = "Utils", "Utils\Utils.csproj", "{4AE92D5E-C4A9-42AB-A8CB-E9B6E3BB2D49}"
EndProject
Project("{FAE04EC0-301F-11D3-BF4B-00C04F79EFBC}") = "ServerTest", "ServerTest\ServerTest.csproj", "{BFD3A01B-0B58-46AF-A708-3A358033E9EC}"
EndProject
Global
	GlobalSection(SolutionConfigurationPlatforms) = preSolution
		Debug|Any CPU = Debug|Any CPU
		Release|Any CPU = Release|Any CPU
	EndGlobalSection
	GlobalSection(ProjectConfigurationPlatforms) = postSolution
		{5EFAE5B1-25FF-4D33-B8D1-C3B4EB107FD4}.Debug|Any CPU.ActiveCfg = Debug|Any CPU
		{5EFAE5B1-25FF-4D33-B8D1-C3B4EB107FD4}.Debug|Any CPU.Build.0 = Debug|Any CPU
		{5EFAE5B1-25FF-4D33-B8D1-C3B4EB107FD4}.Release|Any CPU.ActiveCfg = Release|Any CPU
		{5EFAE5B1-25FF-4D33-B8D1-C3B4EB107FD4}.Release|Any CPU.Build.0 = Release|Any CPU
		{06FF8795-DE4A-4177-AE1B-1776B7E9EE75}.Debug|Any CPU.ActiveCfg = Debug|Any CPU
		{06FF8795-DE4A-4177-AE1B-1776B7E9EE75}.Debug|Any CPU.Build.0 = Debug|Any CPU
		{06FF8795-DE4A-4177-AE1B-1776B7E9EE75}.Release|Any CPU.ActiveCfg = Release|Any CPU
		{06FF8795-DE4A-4177-AE1B-1776B7E9EE75}.Release|Any CPU.Build.0 = Release|Any CPU
		{4AE92D5E-C4A9-42AB-A8CB-E9B6E3BB2D49}.Debug|Any CPU.ActiveCfg = Debug|Any CPU
		{4AE92D5E-C4A9-42AB-A8CB-E9B6E3BB2D49}.Debug|Any CPU.Build.0 = Debug|Any CPU
		{4AE92D5E-C4A9-42AB-A8CB-E9B6E3BB2D49}.Release|Any CPU.ActiveCfg = Release|Any CPU
		{4AE92D5E-C4A9-42AB-A8CB-E9B6E3BB2D49}.Release|Any CPU.Build.0 = Release|Any CPU
		{BFD3A01B-0B58-46AF-A708-3A358033E9EC}.Debug|Any CPU.ActiveCfg = Debug|Any CPU
		{BFD3A01B-0B58-46AF-A708-3A358033E9EC}.Debug|Any CPU.Build.0 = Debug|Any CPU
		{BFD3A01B-0B58-46AF-A708-3A358033E9EC}.Release|Any CPU.ActiveCfg = Release|Any CPU
		{BFD3A01B-0B58-46AF-A708-3A358033E9EC}.Release|Any CPU.Build.0 = Release|Any CPU
	EndGlobalSection
	GlobalSection(SolutionProperties) = preSolution
		HideSolutionNode = FALSE
	EndGlobalSection
	GlobalSection(ExtensibilityGlobals) = postSolution
		SolutionGuid = {6DA00D7A-993A-47C9-9B8D-5132B3D770EE}
	EndGlobalSection
EndGlobal
